
Microsoft Visual Studio Solution File, Format Version 12.00
Project("{FAE04EC0-301F-11D3-BF4B-00C04F79EFBC}") = "AttendanceFaceID", "AttendanceFaceID\AttendanceFaceID.csproj", "{99EE10EA-A5B4-411F-A3CD-EAE85E4079F0}"
EndProject
Project("{FAE04EC0-301F-11D3-BF4B-00C04F79EFBC}") = "AttendanceFaceID.Models", "AttendanceFaceID.Models\AttendanceFaceID.Models.csproj", "{369B02E7-8378-4862-8873-79CC985AB645}"
EndProject
Project("{FAE04EC0-301F-11D3-BF4B-00C04F79EFBC}") = "AttendanceFaceID.Storage", "AttendanceFaceID.Storage\AttendanceFaceID.Storage.csproj", "{564FD208-6359-4E12-88B8-10020F43E0ED}"
EndProject
Project("{FAE04EC0-301F-11D3-BF4B-00C04F79EFBC}") = "AttendanceFaceID.Services", "AttendanceFaceID.Services\AttendanceFaceID.Services.csproj", "{30E85C5A-50CD-4168-B28D-743CDDFF1551}"
EndProject
Project("{2150E333-8FDC-42A3-9474-1A3956D46DE8}") = "src", "src", "{D6B72F45-FCAB-4540-B7CD-E81AEF58F9AF}"
EndProject
Project("{2150E333-8FDC-42A3-9474-1A3956D46DE8}") = "git", "git", "{30B24DC3-5D2B-4792-8F79-A5BB0460F3DF}"
EndProject
Project("{FAE04EC0-301F-11D3-BF4B-00C04F79EFBC}") = "GitExampleSrc", "GitExampleSrc\GitExampleSrc.csproj", "{AAECFF30-FCF2-4858-B3B6-E7E294DDB146}"
EndProject
Global
	GlobalSection(SolutionConfigurationPlatforms) = preSolution
		Debug|Any CPU = Debug|Any CPU
		Release|Any CPU = Release|Any CPU
	EndGlobalSection
	GlobalSection(ProjectConfigurationPlatforms) = postSolution
		{99EE10EA-A5B4-411F-A3CD-EAE85E4079F0}.Debug|Any CPU.ActiveCfg = Debug|Any CPU
		{99EE10EA-A5B4-411F-A3CD-EAE85E4079F0}.Debug|Any CPU.Build.0 = Debug|Any CPU
		{99EE10EA-A5B4-411F-A3CD-EAE85E4079F0}.Release|Any CPU.ActiveCfg = Release|Any CPU
		{99EE10EA-A5B4-411F-A3CD-EAE85E4079F0}.Release|Any CPU.Build.0 = Release|Any CPU
		{369B02E7-8378-4862-8873-79CC985AB645}.Debug|Any CPU.ActiveCfg = Debug|Any CPU
		{369B02E7-8378-4862-8873-79CC985AB645}.Debug|Any CPU.Build.0 = Debug|Any CPU
		{369B02E7-8378-4862-8873-79CC985AB645}.Release|Any CPU.ActiveCfg = Release|Any CPU
		{369B02E7-8378-4862-8873-79CC985AB645}.Release|Any CPU.Build.0 = Release|Any CPU
		{564FD208-6359-4E12-88B8-10020F43E0ED}.Debug|Any CPU.ActiveCfg = Debug|Any CPU
		{564FD208-6359-4E12-88B8-10020F43E0ED}.Debug|Any CPU.Build.0 = Debug|Any CPU
		{564FD208-6359-4E12-88B8-10020F43E0ED}.Release|Any CPU.ActiveCfg = Release|Any CPU
		{564FD208-6359-4E12-88B8-10020F43E0ED}.Release|Any CPU.Build.0 = Release|Any CPU
		{30E85C5A-50CD-4168-B28D-743CDDFF1551}.Debug|Any CPU.ActiveCfg = Debug|Any CPU
		{30E85C5A-50CD-4168-B28D-743CDDFF1551}.Debug|Any CPU.Build.0 = Debug|Any CPU
		{30E85C5A-50CD-4168-B28D-743CDDFF1551}.Release|Any CPU.ActiveCfg = Release|Any CPU
		{30E85C5A-50CD-4168-B28D-743CDDFF1551}.Release|Any CPU.Build.0 = Release|Any CPU
		{AAECFF30-FCF2-4858-B3B6-E7E294DDB146}.Debug|Any CPU.ActiveCfg = Debug|Any CPU
		{AAECFF30-FCF2-4858-B3B6-E7E294DDB146}.Debug|Any CPU.Build.0 = Debug|Any CPU
		{AAECFF30-FCF2-4858-B3B6-E7E294DDB146}.Release|Any CPU.ActiveCfg = Release|Any CPU
		{AAECFF30-FCF2-4858-B3B6-E7E294DDB146}.Release|Any CPU.Build.0 = Release|Any CPU
	EndGlobalSection
	GlobalSection(NestedProjects) = preSolution
		{99EE10EA-A5B4-411F-A3CD-EAE85E4079F0} = {D6B72F45-FCAB-4540-B7CD-E81AEF58F9AF}
		{369B02E7-8378-4862-8873-79CC985AB645} = {D6B72F45-FCAB-4540-B7CD-E81AEF58F9AF}
		{30E85C5A-50CD-4168-B28D-743CDDFF1551} = {D6B72F45-FCAB-4540-B7CD-E81AEF58F9AF}
		{564FD208-6359-4E12-88B8-10020F43E0ED} = {D6B72F45-FCAB-4540-B7CD-E81AEF58F9AF}
		{AAECFF30-FCF2-4858-B3B6-E7E294DDB146} = {30B24DC3-5D2B-4792-8F79-A5BB0460F3DF}
	EndGlobalSection
EndGlobal
